
Microsoft Visual Studio Solution File, Format Version 12.00
# Visual Studio 2012
Project("{8BC9CEB8-8B4A-11D0-8D11-00A0C91BC942}") = "PA_6", "PA_6\PA_6.vcxproj", "{7AE5C574-5D4A-46C6-96E6-D8D01B733382}"
EndProject
Global
	GlobalSection(SolutionConfigurationPlatforms) = preSolution
		Debug|Win32 = Debug|Win32
		Release|Win32 = Release|Win32
	EndGlobalSection
	GlobalSection(ProjectConfigurationPlatforms) = postSolution
		{7AE5C574-5D4A-46C6-96E6-D8D01B733382}.Debug|Win32.ActiveCfg = Debug|Win32
		{7AE5C574-5D4A-46C6-96E6-D8D01B733382}.Debug|Win32.Build.0 = Debug|Win32
		{7AE5C574-5D4A-46C6-96E6-D8D01B733382}.Release|Win32.ActiveCfg = Release|Win32
		{7AE5C574-5D4A-46C6-96E6-D8D01B733382}.Release|Win32.Build.0 = Release|Win32
	EndGlobalSection
	GlobalSection(SolutionProperties) = preSolution
		HideSolutionNode = FALSE
	EndGlobalSection
EndGlobal
